
Microsoft Visual Studio Solution File, Format Version 12.00
# Visual Studio Version 16
VisualStudioVersion = 16.0.29728.190
MinimumVisualStudioVersion = 10.0.40219.1
Project("{9A19103F-16F7-4668-BE54-9A1E7A4F7556}") = "RamDisk", "src\RamDisk.csproj", "{E3B03760-CCBC-433F-9DBB-C480CAF645BD}"
EndProject
Global
	GlobalSection(SolutionConfigurationPlatforms) = preSolution
		Debug|Any CPU = Debug|Any CPU
		Release|Any CPU = Release|Any CPU
	EndGlobalSection
	GlobalSection(ProjectConfigurationPlatforms) = postSolution
		{E3B03760-CCBC-433F-9DBB-C480CAF645BD}.Debug|Any CPU.ActiveCfg = Debug|Any CPU
		{E3B03760-CCBC-433F-9DBB-C480CAF645BD}.Debug|Any CPU.Build.0 = Debug|Any CPU
		{E3B03760-CCBC-433F-9DBB-C480CAF645BD}.Release|Any CPU.ActiveCfg = Release|Any CPU
		{E3B03760-CCBC-433F-9DBB-C480CAF645BD}.Release|Any CPU.Build.0 = Release|Any CPU
	EndGlobalSection
	GlobalSection(SolutionProperties) = preSolution
		HideSolutionNode = FALSE
	EndGlobalSection
	GlobalSection(ExtensibilityGlobals) = postSolution
		SolutionGuid = {4E5885C9-33B0-401F-A4AC-B8BCA91E8E7C}
	EndGlobalSection
EndGlobal
